
Microsoft Visual Studio Solution File, Format Version 12.00
# Visual Studio Version 17
VisualStudioVersion = 17.8.34309.116
MinimumVisualStudioVersion = 10.0.40219.1
Project("{FAE04EC0-301F-11D3-BF4B-00C04F79EFBC}") = "BooleanTask", "BooleanTask\BooleanTask.csproj", "{C332D310-33BC-4325-B473-7686F429FDEE}"
EndProject
Project("{FAE04EC0-301F-11D3-BF4B-00C04F79EFBC}") = "FluentCalculator", "FluentCalculator\FluentCalculator.csproj", "{DEE4FA07-EA44-4392-B0B3-65D7CDB481A6}"
EndProject
Global
	GlobalSection(SolutionConfigurationPlatforms) = preSolution
		Debug|Any CPU = Debug|Any CPU
		Release|Any CPU = Release|Any CPU
	EndGlobalSection
	GlobalSection(ProjectConfigurationPlatforms) = postSolution
		{C332D310-33BC-4325-B473-7686F429FDEE}.Debug|Any CPU.ActiveCfg = Debug|Any CPU
		{C332D310-33BC-4325-B473-7686F429FDEE}.Debug|Any CPU.Build.0 = Debug|Any CPU
		{C332D310-33BC-4325-B473-7686F429FDEE}.Release|Any CPU.ActiveCfg = Release|Any CPU
		{C332D310-33BC-4325-B473-7686F429FDEE}.Release|Any CPU.Build.0 = Release|Any CPU
		{DEE4FA07-EA44-4392-B0B3-65D7CDB481A6}.Debug|Any CPU.ActiveCfg = Debug|Any CPU
		{DEE4FA07-EA44-4392-B0B3-65D7CDB481A6}.Debug|Any CPU.Build.0 = Debug|Any CPU
		{DEE4FA07-EA44-4392-B0B3-65D7CDB481A6}.Release|Any CPU.ActiveCfg = Release|Any CPU
		{DEE4FA07-EA44-4392-B0B3-65D7CDB481A6}.Release|Any CPU.Build.0 = Release|Any CPU
	EndGlobalSection
	GlobalSection(SolutionProperties) = preSolution
		HideSolutionNode = FALSE
	EndGlobalSection
	GlobalSection(ExtensibilityGlobals) = postSolution
		SolutionGuid = {6631F1A0-525E-4949-81F9-F1D2816E2108}
	EndGlobalSection
EndGlobal
